
Microsoft Visual Studio Solution File, Format Version 12.00
# Visual Studio Version 17
VisualStudioVersion = 17.4.33122.133
MinimumVisualStudioVersion = 10.0.40219.1
Project("{FAE04EC0-301F-11D3-BF4B-00C04F79EFBC}") = "REACT_CRUD", "REACT_CRUD\REACT_CRUD.csproj", "{12E29AFD-4A0F-48CC-9FA6-BA5078B605F3}"
EndProject
Global
	GlobalSection(SolutionConfigurationPlatforms) = preSolution
		Debug|Any CPU = Debug|Any CPU
		Release|Any CPU = Release|Any CPU
	EndGlobalSection
	GlobalSection(ProjectConfigurationPlatforms) = postSolution
		{12E29AFD-4A0F-48CC-9FA6-BA5078B605F3}.Debug|Any CPU.ActiveCfg = Debug|Any CPU
		{12E29AFD-4A0F-48CC-9FA6-BA5078B605F3}.Debug|Any CPU.Build.0 = Debug|Any CPU
		{12E29AFD-4A0F-48CC-9FA6-BA5078B605F3}.Release|Any CPU.ActiveCfg = Release|Any CPU
		{12E29AFD-4A0F-48CC-9FA6-BA5078B605F3}.Release|Any CPU.Build.0 = Release|Any CPU
	EndGlobalSection
	GlobalSection(SolutionProperties) = preSolution
		HideSolutionNode = FALSE
	EndGlobalSection
	GlobalSection(ExtensibilityGlobals) = postSolution
		SolutionGuid = {D45DF074-EC34-4891-92FF-1DCFAFB32916}
	EndGlobalSection
EndGlobal
